<Solution>
  <Project Path="TurnosClinica.AccesoDatos/TurnosClinica.AccesoDatos.csproj" Id="6665ba5f-0837-47b2-b8fb-3f6796a484c2" />
  <Project Path="TurnosClinica.Dominio/TurnosClinica.Dominio.csproj" Id="c07a4199-fd72-409b-898f-e63f93aa1480" />
  <Project Path="TurnosClinica.Negocio/TurnosClinica.Negocio.csproj" Id="d8807b12-360a-4477-84ee-6300be30283b" />
  <Project Path="TurnosClinica.Web/TurnosClinica.Web.csproj" Id="d00105a8-608e-48d1-b32b-8dc956bbf31d" />
</Solution>
